// !$*UTF8*$!
{
	archiveVersion = 1;
	classes = {
	};
	objectVersion = 46;
	objects = {

/* Begin PBXBuildFile section */
		51FECB7CFAA16668A64D2B8C /* libPods-NetworkRequest.a in Frameworks */ = {isa = PBXBuildFile; fileRef = 04E66EFA818F861EB3D91427 /* libPods-NetworkRequest.a */; };
		8406AE311D9E3D8B00B7C862 /* AppAPIClient.m in Sources */ = {isa = PBXBuildFile; fileRef = 8406AE281D9E3D8B00B7C862 /* AppAPIClient.m */; };
		8406AE321D9E3D8B00B7C862 /* NSData+Base64.m in Sources */ = {isa = PBXBuildFile; fileRef = 8406AE2A1D9E3D8B00B7C862 /* NSData+Base64.m */; };
		8406AE331D9E3D8B00B7C862 /* NSString+Crypt.m in Sources */ = {isa = PBXBuildFile; fileRef = 8406AE2C1D9E3D8B00B7C862 /* NSString+Crypt.m */; };
		8406AE341D9E3D8B00B7C862 /* StorageMgr.m in Sources */ = {isa = PBXBuildFile; fileRef = 8406AE2E1D9E3D8B00B7C862 /* StorageMgr.m */; };
		8406AE351D9E3D8B00B7C862 /* Utilities.m in Sources */ = {isa = PBXBuildFile; fileRef = 8406AE301D9E3D8B00B7C862 /* Utilities.m */; };
		8406AE391D9E3DD900B7C862 /* BasicEncodingRules.m in Sources */ = {isa = PBXBuildFile; fileRef = 8406AE381D9E3DD900B7C862 /* BasicEncodingRules.m */; };
		8406AE3B1D9E3E6B00B7C862 /* Openssl.framework in Frameworks */ = {isa = PBXBuildFile; fileRef = 8406AE3A1D9E3E6B00B7C862 /* Openssl.framework */; };
		8406AE3E1D9E447900B7C862 /* RequestAPI.m in Sources */ = {isa = PBXBuildFile; fileRef = 8406AE3D1D9E447900B7C862 /* RequestAPI.m */; };
		84B419A41D9E36DA003CC1B7 /* main.m in Sources */ = {isa = PBXBuildFile; fileRef = 84B419A31D9E36DA003CC1B7 /* main.m */; };
		84B419A71D9E36DA003CC1B7 /* AppDelegate.m in Sources */ = {isa = PBXBuildFile; fileRef = 84B419A61D9E36DA003CC1B7 /* AppDelegate.m */; };
		84B419AA1D9E36DA003CC1B7 /* ViewController.m in Sources */ = {isa = PBXBuildFile; fileRef = 84B419A91D9E36DA003CC1B7 /* ViewController.m */; };
		84B419AD1D9E36DA003CC1B7 /* Main.storyboard in Resources */ = {isa = PBXBuildFile; fileRef = 84B419AB1D9E36DA003CC1B7 /* Main.storyboard */; };
		84B419B01D9E36DA003CC1B7 /* NetworkRequest.xcdatamodeld in Sources */ = {isa = PBXBuildFile; fileRef = 84B419AE1D9E36DA003CC1B7 /* NetworkRequest.xcdatamodeld */; };
		84B419B21D9E36DA003CC1B7 /* Assets.xcassets in Resources */ = {isa = PBXBuildFile; fileRef = 84B419B11D9E36DA003CC1B7 /* Assets.xcassets */; };
		84B419B51D9E36DA003CC1B7 /* LaunchScreen.storyboard in Resources */ = {isa = PBXBuildFile; fileRef = 84B419B31D9E36DA003CC1B7 /* LaunchScreen.storyboard */; };
		84B419C01D9E36DA003CC1B7 /* NetworkRequestTests.m in Sources */ = {isa = PBXBuildFile; fileRef = 84B419BF1D9E36DA003CC1B7 /* NetworkRequestTests.m */; };
		84B419CB1D9E36DA003CC1B7 /* NetworkRequestUITests.m in Sources */ = {isa = PBXBuildFile; fileRef = 84B419CA1D9E36DA003CC1B7 /* NetworkRequestUITests.m */; };
/* End PBXBuildFile section */

/* Begin PBXContainerItemProxy section */
		84B419BC1D9E36DA003CC1B7 /* PBXContainerItemProxy */ = {
			isa = PBXContainerItemProxy;
			containerPortal = 84B419971D9E36DA003CC1B7 /* Project object */;
			proxyType = 1;
			remoteGlobalIDString = 84B4199E1D9E36DA003CC1B7;
			remoteInfo = NetworkRequest;
		};
		84B419C71D9E36DA003CC1B7 /* PBXContainerItemProxy */ = {
			isa = PBXContainerItemProxy;
			containerPortal = 84B419971D9E36DA003CC1B7 /* Project object */;
			proxyType = 1;
			remoteGlobalIDString = 84B4199E1D9E36DA003CC1B7;
			remoteInfo = NetworkRequest;
		};
/* End PBXContainerItemProxy section */

/* Begin PBXFileReference section */
		04E66EFA818F861EB3D91427 /* libPods-NetworkRequest.a */ = {isa = PBXFileReference; explicitFileType = archive.ar; includeInIndex = 0; path = "libPods-NetworkRequest.a"; sourceTree = BUILT_PRODUCTS_DIR; };
		082131E5E9EC5FED7F2CBB78 /* Pods-NetworkRequest.debug.xcconfig */ = {isa = PBXFileReference; includeInIndex = 1; lastKnownFileType = text.xcconfig; name = "Pods-NetworkRequest.debug.xcconfig"; path = "Pods/Target Support Files/Pods-NetworkRequest/Pods-NetworkRequest.debug.xcconfig"; sourceTree = "<group>"; };
		8406AE271D9E3D8B00B7C862 /* AppAPIClient.h */ = {isa = PBXFileReference; fileEncoding = 4; lastKnownFileType = sourcecode.c.h; path = AppAPIClient.h; sourceTree = "<group>"; };
		8406AE281D9E3D8B00B7C862 /* AppAPIClient.m */ = {isa = PBXFileReference; fileEncoding = 4; lastKnownFileType = sourcecode.c.objc; path = AppAPIClient.m; sourceTree = "<group>"; };
		8406AE291D9E3D8B00B7C862 /* NSData+Base64.h */ = {isa = PBXFileReference; fileEncoding = 4; lastKnownFileType = sourcecode.c.h; path = "NSData+Base64.h"; sourceTree = "<group>"; };
		8406AE2A1D9E3D8B00B7C862 /* NSData+Base64.m */ = {isa = PBXFileReference; fileEncoding = 4; lastKnownFileType = sourcecode.c.objc; path = "NSData+Base64.m"; sourceTree = "<group>"; };
		8406AE2B1D9E3D8B00B7C862 /* NSString+Crypt.h */ = {isa = PBXFileReference; fileEncoding = 4; lastKnownFileType = sourcecode.c.h; path = "NSString+Crypt.h"; sourceTree = "<group>"; };
		8406AE2C1D9E3D8B00B7C862 /* NSString+Crypt.m */ = {isa = PBXFileReference; fileEncoding = 4; lastKnownFileType = sourcecode.c.objc; path = "NSString+Crypt.m"; sourceTree = "<group>"; };
		8406AE2D1D9E3D8B00B7C862 /* StorageMgr.h */ = {isa = PBXFileReference; fileEncoding = 4; lastKnownFileType = sourcecode.c.h; path = StorageMgr.h; sourceTree = "<group>"; };
		8406AE2E1D9E3D8B00B7C862 /* StorageMgr.m */ = {isa = PBXFileReference; fileEncoding = 4; lastKnownFileType = sourcecode.c.objc; path = StorageMgr.m; sourceTree = "<group>"; };
		8406AE2F1D9E3D8B00B7C862 /* Utilities.h */ = {isa = PBXFileReference; fileEncoding = 4; lastKnownFileType = sourcecode.c.h; path = Utilities.h; sourceTree = "<group>"; };
		8406AE301D9E3D8B00B7C862 /* Utilities.m */ = {isa = PBXFileReference; fileEncoding = 4; lastKnownFileType = sourcecode.c.objc; path = Utilities.m; sourceTree = "<group>"; };
		8406AE371D9E3DD900B7C862 /* BasicEncodingRules.h */ = {isa = PBXFileReference; fileEncoding = 4; lastKnownFileType = sourcecode.c.h; name = BasicEncodingRules.h; path = "SCZ-BasicEncodingRules/BasicEncodingRules.h"; sourceTree = "<group>"; };
		8406AE381D9E3DD900B7C862 /* BasicEncodingRules.m */ = {isa = PBXFileReference; fileEncoding = 4; lastKnownFileType = sourcecode.c.objc; name = BasicEncodingRules.m; path = "SCZ-BasicEncodingRules/BasicEncodingRules.m"; sourceTree = "<group>"; };
		8406AE3A1D9E3E6B00B7C862 /* Openssl.framework */ = {isa = PBXFileReference; lastKnownFileType = wrapper.framework; name = Openssl.framework; path = NetworkRequest/Openssl.framework; sourceTree = "<group>"; };
		8406AE3C1D9E447900B7C862 /* RequestAPI.h */ = {isa = PBXFileReference; fileEncoding = 4; lastKnownFileType = sourcecode.c.h; path = RequestAPI.h; sourceTree = "<group>"; };
		8406AE3D1D9E447900B7C862 /* RequestAPI.m */ = {isa = PBXFileReference; fileEncoding = 4; lastKnownFileType = sourcecode.c.objc; path = RequestAPI.m; sourceTree = "<group>"; };
		8406AE3F1D9E482E00B7C862 /* PrefixHeader.pch */ = {isa = PBXFileReference; fileEncoding = 4; lastKnownFileType = sourcecode.c.h; path = PrefixHeader.pch; sourceTree = "<group>"; };
		84B4199F1D9E36DA003CC1B7 /* NetworkRequest.app */ = {isa = PBXFileReference; explicitFileType = wrapper.application; includeInIndex = 0; path = NetworkRequest.app; sourceTree = BUILT_PRODUCTS_DIR; };
		84B419A31D9E36DA003CC1B7 /* main.m */ = {isa = PBXFileReference; lastKnownFileType = sourcecode.c.objc; path = main.m; sourceTree = "<group>"; };
		84B419A51D9E36DA003CC1B7 /* AppDelegate.h */ = {isa = PBXFileReference; lastKnownFileType = sourcecode.c.h; path = AppDelegate.h; sourceTree = "<group>"; };
		84B419A61D9E36DA003CC1B7 /* AppDelegate.m */ = {isa = PBXFileReference; lastKnownFileType = sourcecode.c.objc; path = AppDelegate.m; sourceTree = "<group>"; };
		84B419A81D9E36DA003CC1B7 /* ViewController.h */ = {isa = PBXFileReference; lastKnownFileType = sourcecode.c.h; path = ViewController.h; sourceTree = "<group>"; };
		84B419A91D9E36DA003CC1B7 /* ViewController.m */ = {isa = PBXFileReference; lastKnownFileType = sourcecode.c.objc; path = ViewController.m; sourceTree = "<group>"; };
		84B419AC1D9E36DA003CC1B7 /* Base */ = {isa = PBXFileReference; lastKnownFileType = file.storyboard; name = Base; path = Base.lproj/Main.storyboard; sourceTree = "<group>"; };
		84B419AF1D9E36DA003CC1B7 /* NetworkRequest.xcdatamodel */ = {isa = PBXFileReference; lastKnownFileType = wrapper.xcdatamodel; path = NetworkRequest.xcdatamodel; sourceTree = "<group>"; };
		84B419B11D9E36DA003CC1B7 /* Assets.xcassets */ = {isa = PBXFileReference; lastKnownFileType = folder.assetcatalog; path = Assets.xcassets; sourceTree = "<group>"; };
		84B419B41D9E36DA003CC1B7 /* Base */ = {isa = PBXFileReference; lastKnownFileType = file.storyboard; name = Base; path = Base.lproj/LaunchScreen.storyboard; sourceTree = "<group>"; };
		84B419B61D9E36DA003CC1B7 /* Info.plist */ = {isa = PBXFileReference; lastKnownFileType = text.plist.xml; path = Info.plist; sourceTree = "<group>"; };
		84B419BB1D9E36DA003CC1B7 /* NetworkRequestTests.xctest */ = {isa = PBXFileReference; explicitFileType = wrapper.cfbundle; includeInIndex = 0; path = NetworkRequestTests.xctest; sourceTree = BUILT_PRODUCTS_DIR; };
		84B419BF1D9E36DA003CC1B7 /* NetworkRequestTests.m */ = {isa = PBXFileReference; lastKnownFileType = sourcecode.c.objc; path = NetworkRequestTests.m; sourceTree = "<group>"; };
		84B419C11D9E36DA003CC1B7 /* Info.plist */ = {isa = PBXFileReference; lastKnownFileType = text.plist.xml; path = Info.plist; sourceTree = "<group>"; };
		84B419C61D9E36DA003CC1B7 /* NetworkRequestUITests.xctest */ = {isa = PBXFileReference; explicitFileType = wrapper.cfbundle; includeInIndex = 0; path = NetworkRequestUITests.xctest; sourceTree = BUILT_PRODUCTS_DIR; };
		84B419CA1D9E36DA003CC1B7 /* NetworkRequestUITests.m */ = {isa = PBXFileReference; lastKnownFileType = sourcecode.c.objc; path = NetworkRequestUITests.m; sourceTree = "<group>"; };
		84B419CC1D9E36DA003CC1B7 /* Info.plist */ = {isa = PBXFileReference; lastKnownFileType = text.plist.xml; path = Info.plist; sourceTree = "<group>"; };
		A13BD1F22EE4E7246151791C /* Pods-NetworkRequest.release.xcconfig */ = {isa = PBXFileReference; includeInIndex = 1; lastKnownFileType = text.xcconfig; name = "Pods-NetworkRequest.release.xcconfig"; path = "Pods/Target Support Files/Pods-NetworkRequest/Pods-NetworkRequest.release.xcconfig"; sourceTree = "<group>"; };
/* End PBXFileReference section */

/* Begin PBXFrameworksBuildPhase section */
		84B4199C1D9E36DA003CC1B7 /* Frameworks */ = {
			isa = PBXFrameworksBuildPhase;
			buildActionMask = 2147483647;
			files = (
				8406AE3B1D9E3E6B00B7C862 /* Openssl.framework in Frameworks */,
				51FECB7CFAA16668A64D2B8C /* libPods-NetworkRequest.a in Frameworks */,
			);
			runOnlyForDeploymentPostprocessing = 0;
		};
		84B419B81D9E36DA003CC1B7 /* Frameworks */ = {
			isa = PBXFrameworksBuildPhase;
			buildActionMask = 2147483647;
			files = (
			);
			runOnlyForDeploymentPostprocessing = 0;
		};
		84B419C31D9E36DA003CC1B7 /* Frameworks */ = {
			isa = PBXFrameworksBuildPhase;
			buildActionMask = 2147483647;
			files = (
			);
			runOnlyForDeploymentPostprocessing = 0;
		};
/* End PBXFrameworksBuildPhase section */

/* Begin PBXGroup section */
		07EC5F3155AC56D7F94E7757 /* Frameworks */ = {
			isa = PBXGroup;
			children = (
				8406AE3A1D9E3E6B00B7C862 /* Openssl.framework */,
				04E66EFA818F861EB3D91427 /* libPods-NetworkRequest.a */,
			);
			name = Frameworks;
			sourceTree = "<group>";
		};
		29AE41EB6ACA5FDCB4C5CBC9 /* Pods */ = {
			isa = PBXGroup;
			children = (
				082131E5E9EC5FED7F2CBB78 /* Pods-NetworkRequest.debug.xcconfig */,
				A13BD1F22EE4E7246151791C /* Pods-NetworkRequest.release.xcconfig */,
			);
			name = Pods;
			sourceTree = "<group>";
		};
		8406AE211D9E3C5300B7C862 /* Model */ = {
			isa = PBXGroup;
			children = (
				84B419AE1D9E36DA003CC1B7 /* NetworkRequest.xcdatamodeld */,
			);
			name = Model;
			sourceTree = "<group>";
		};
		8406AE221D9E3C5D00B7C862 /* View */ = {
			isa = PBXGroup;
			children = (
				84B419AB1D9E36DA003CC1B7 /* Main.storyboard */,
				84B419B31D9E36DA003CC1B7 /* LaunchScreen.storyboard */,
				84B419B11D9E36DA003CC1B7 /* Assets.xcassets */,
			);
			name = View;
			sourceTree = "<group>";
		};
		8406AE231D9E3C6400B7C862 /* Controller */ = {
			isa = PBXGroup;
			children = (
				84B419A81D9E36DA003CC1B7 /* ViewController.h */,
				84B419A91D9E36DA003CC1B7 /* ViewController.m */,
			);
			name = Controller;
			sourceTree = "<group>";
		};
		8406AE241D9E3C8E00B7C862 /* 3rd */ = {
			isa = PBXGroup;
			children = (
				8406AE361D9E3DB100B7C862 /* SCZ-BasicEncodingRules */,
			);
			name = 3rd;
			sourceTree = "<group>";
		};
		8406AE251D9E3C9500B7C862 /* Utility */ = {
			isa = PBXGroup;
			children = (
				8406AE271D9E3D8B00B7C862 /* AppAPIClient.h */,
				8406AE281D9E3D8B00B7C862 /* AppAPIClient.m */,
				8406AE291D9E3D8B00B7C862 /* NSData+Base64.h */,
				8406AE2A1D9E3D8B00B7C862 /* NSData+Base64.m */,
				8406AE2B1D9E3D8B00B7C862 /* NSString+Crypt.h */,
				8406AE2C1D9E3D8B00B7C862 /* NSString+Crypt.m */,
				8406AE3C1D9E447900B7C862 /* RequestAPI.h */,
				8406AE3D1D9E447900B7C862 /* RequestAPI.m */,
				8406AE2D1D9E3D8B00B7C862 /* StorageMgr.h */,
				8406AE2E1D9E3D8B00B7C862 /* StorageMgr.m */,
				8406AE2F1D9E3D8B00B7C862 /* Utilities.h */,
				8406AE301D9E3D8B00B7C862 /* Utilities.m */,
			);
			name = Utility;
			sourceTree = "<group>";
		};
		8406AE261D9E3D5F00B7C862 /* Constant */ = {
			isa = PBXGroup;
			children = (
			);
			name = Constant;
			sourceTree = "<group>";
		};
		8406AE361D9E3DB100B7C862 /* SCZ-BasicEncodingRules */ = {
			isa = PBXGroup;
			children = (
				8406AE371D9E3DD900B7C862 /* BasicEncodingRules.h */,
				8406AE381D9E3DD900B7C862 /* BasicEncodingRules.m */,
			);
			name = "SCZ-BasicEncodingRules";
			sourceTree = "<group>";
		};
		84B419961D9E36DA003CC1B7 = {
			isa = PBXGroup;
			children = (
				84B419A11D9E36DA003CC1B7 /* NetworkRequest */,
				84B419BE1D9E36DA003CC1B7 /* NetworkRequestTests */,
				84B419C91D9E36DA003CC1B7 /* NetworkRequestUITests */,
				84B419A01D9E36DA003CC1B7 /* Products */,
				29AE41EB6ACA5FDCB4C5CBC9 /* Pods */,
				07EC5F3155AC56D7F94E7757 /* Frameworks */,
			);
			sourceTree = "<group>";
		};
		84B419A01D9E36DA003CC1B7 /* Products */ = {
			isa = PBXGroup;
			children = (
				84B4199F1D9E36DA003CC1B7 /* NetworkRequest.app */,
				84B419BB1D9E36DA003CC1B7 /* NetworkRequestTests.xctest */,
				84B419C61D9E36DA003CC1B7 /* NetworkRequestUITests.xctest */,
			);
			name = Products;
			sourceTree = "<group>";
		};
		84B419A11D9E36DA003CC1B7 /* NetworkRequest */ = {
			isa = PBXGroup;
			children = (
				8406AE261D9E3D5F00B7C862 /* Constant */,
				8406AE251D9E3C9500B7C862 /* Utility */,
				8406AE241D9E3C8E00B7C862 /* 3rd */,
				8406AE211D9E3C5300B7C862 /* Model */,
				8406AE221D9E3C5D00B7C862 /* View */,
				8406AE231D9E3C6400B7C862 /* Controller */,
				84B419A21D9E36DA003CC1B7 /* Supporting Files */,
			);
			path = NetworkRequest;
			sourceTree = "<group>";
		};
		84B419A21D9E36DA003CC1B7 /* Supporting Files */ = {
			isa = PBXGroup;
			children = (
				84B419A51D9E36DA003CC1B7 /* AppDelegate.h */,
				84B419A61D9E36DA003CC1B7 /* AppDelegate.m */,
				84B419B61D9E36DA003CC1B7 /* Info.plist */,
				84B419A31D9E36DA003CC1B7 /* main.m */,
				8406AE3F1D9E482E00B7C862 /* PrefixHeader.pch */,
			);
			name = "Supporting Files";
			sourceTree = "<group>";
		};
		84B419BE1D9E36DA003CC1B7 /* NetworkRequestTests */ = {
			isa = PBXGroup;
			children = (
				84B419BF1D9E36DA003CC1B7 /* NetworkRequestTests.m */,
				84B419C11D9E36DA003CC1B7 /* Info.plist */,
			);
			path = NetworkRequestTests;
			sourceTree = "<group>";
		};
		84B419C91D9E36DA003CC1B7 /* NetworkRequestUITests */ = {
			isa = PBXGroup;
			children = (
				84B419CA1D9E36DA003CC1B7 /* NetworkRequestUITests.m */,
				84B419CC1D9E36DA003CC1B7 /* Info.plist */,
			);
			path = NetworkRequestUITests;
			sourceTree = "<group>";
		};
/* End PBXGroup section */

/* Begin PBXNativeTarget section */
		84B4199E1D9E36DA003CC1B7 /* NetworkRequest */ = {
			isa = PBXNativeTarget;
			buildConfigurationList = 84B419CF1D9E36DA003CC1B7 /* Build configuration list for PBXNativeTarget "NetworkRequest" */;
			buildPhases = (
				7E1F5D9E40B900FBD018FE74 /* [CP] Check Pods Manifest.lock */,
				84B4199B1D9E36DA003CC1B7 /* Sources */,
				84B4199C1D9E36DA003CC1B7 /* Frameworks */,
				84B4199D1D9E36DA003CC1B7 /* Resources */,
				1C84D958CAF94955F7DE4567 /* [CP] Embed Pods Frameworks */,
				67E384CB125C8D7FE2E18383 /* [CP] Copy Pods Resources */,
			);
			buildRules = (
			);
			dependencies = (
			);
			name = NetworkRequest;
			productName = NetworkRequest;
			productReference = 84B4199F1D9E36DA003CC1B7 /* NetworkRequest.app */;
			productType = "com.apple.product-type.application";
		};
		84B419BA1D9E36DA003CC1B7 /* NetworkRequestTests */ = {
			isa = PBXNativeTarget;
			buildConfigurationList = 84B419D21D9E36DA003CC1B7 /* Build configuration list for PBXNativeTarget "NetworkRequestTests" */;
			buildPhases = (
				84B419B71D9E36DA003CC1B7 /* Sources */,
				84B419B81D9E36DA003CC1B7 /* Frameworks */,
				84B419B91D9E36DA003CC1B7 /* Resources */,
			);
			buildRules = (
			);
			dependencies = (
				84B419BD1D9E36DA003CC1B7 /* PBXTargetDependency */,
			);
			name = NetworkRequestTests;
			productName = NetworkRequestTests;
			productReference = 84B419BB1D9E36DA003CC1B7 /* NetworkRequestTests.xctest */;
			productType = "com.apple.product-type.bundle.unit-test";
		};
		84B419C51D9E36DA003CC1B7 /* NetworkRequestUITests */ = {
			isa = PBXNativeTarget;
			buildConfigurationList = 84B419D51D9E36DA003CC1B7 /* Build configuration list for PBXNativeTarget "NetworkRequestUITests" */;
			buildPhases = (
				84B419C21D9E36DA003CC1B7 /* Sources */,
				84B419C31D9E36DA003CC1B7 /* Frameworks */,
				84B419C41D9E36DA003CC1B7 /* Resources */,
			);
			buildRules = (
			);
			dependencies = (
				84B419C81D9E36DA003CC1B7 /* PBXTargetDependency */,
			);
			name = NetworkRequestUITests;
			productName = NetworkRequestUITests;
			productReference = 84B419C61D9E36DA003CC1B7 /* NetworkRequestUITests.xctest */;
			productType = "com.apple.product-type.bundle.ui-testing";
		};
/* End PBXNativeTarget section */

/* Begin PBXProject section */
		84B419971D9E36DA003CC1B7 /* Project object */ = {
			isa = PBXProject;
			attributes = {
				LastUpgradeCheck = 0720;
				ORGANIZATIONNAME = admin;
				TargetAttributes = {
					84B4199E1D9E36DA003CC1B7 = {
						CreatedOnToolsVersion = 7.2;
					};
					84B419BA1D9E36DA003CC1B7 = {
						CreatedOnToolsVersion = 7.2;
						TestTargetID = 84B4199E1D9E36DA003CC1B7;
					};
					84B419C51D9E36DA003CC1B7 = {
						CreatedOnToolsVersion = 7.2;
						TestTargetID = 84B4199E1D9E36DA003CC1B7;
					};
				};
			};
			buildConfigurationList = 84B4199A1D9E36DA003CC1B7 /* Build configuration list for PBXProject "NetworkRequest" */;
			compatibilityVersion = "Xcode 3.2";
			developmentRegion = English;
			hasScannedForEncodings = 0;
			knownRegions = (
				en,
				Base,
			);
			mainGroup = 84B419961D9E36DA003CC1B7;
			productRefGroup = 84B419A01D9E36DA003CC1B7 /* Products */;
			projectDirPath = "";
			projectRoot = "";
			targets = (
				84B4199E1D9E36DA003CC1B7 /* NetworkRequest */,
				84B419BA1D9E36DA003CC1B7 /* NetworkRequestTests */,
				84B419C51D9E36DA003CC1B7 /* NetworkRequestUITests */,
			);
		};
/* End PBXProject section */

/* Begin PBXResourcesBuildPhase section */
		84B4199D1D9E36DA003CC1B7 /* Resources */ = {
			isa = PBXResourcesBuildPhase;
			buildActionMask = 2147483647;
			files = (
				84B419B51D9E36DA003CC1B7 /* LaunchScreen.storyboard in Resources */,
				84B419B21D9E36DA003CC1B7 /* Assets.xcassets in Resources */,
				84B419AD1D9E36DA003CC1B7 /* Main.storyboard in Resources */,
			);
			runOnlyForDeploymentPostprocessing = 0;
		};
		84B419B91D9E36DA003CC1B7 /* Resources */ = {
			isa = PBXResourcesBuildPhase;
			buildActionMask = 2147483647;
			files = (
			);
			runOnlyForDeploymentPostprocessing = 0;
		};
		84B419C41D9E36DA003CC1B7 /* Resources */ = {
			isa = PBXResourcesBuildPhase;
			buildActionMask = 2147483647;
			files = (
			);
			runOnlyForDeploymentPostprocessing = 0;
		};
/* End PBXResourcesBuildPhase section */

/* Begin PBXShellScriptBuildPhase section */
		1C84D958CAF94955F7DE4567 /* [CP] Embed Pods Frameworks */ = {
			isa = PBXShellScriptBuildPhase;
			buildActionMask = 2147483647;
			files = (
			);
			inputPaths = (
			);
			name = "[CP] Embed Pods Frameworks";
			outputPaths = (
			);
			runOnlyForDeploymentPostprocessing = 0;
			shellPath = /bin/sh;
			shellScript = "\"${SRCROOT}/Pods/Target Support Files/Pods-NetworkRequest/Pods-NetworkRequest-frameworks.sh\"\n";
			showEnvVarsInLog = 0;
		};
		67E384CB125C8D7FE2E18383 /* [CP] Copy Pods Resources */ = {
			isa = PBXShellScriptBuildPhase;
			buildActionMask = 2147483647;
			files = (
			);
			inputPaths = (
			);
			name = "[CP] Copy Pods Resources";
			outputPaths = (
			);
			runOnlyForDeploymentPostprocessing = 0;
			shellPath = /bin/sh;
			shellScript = "\"${SRCROOT}/Pods/Target Support Files/Pods-NetworkRequest/Pods-NetworkRequest-resources.sh\"\n";
			showEnvVarsInLog = 0;
		};
		7E1F5D9E40B900FBD018FE74 /* [CP] Check Pods Manifest.lock */ = {
			isa = PBXShellScriptBuildPhase;
			buildActionMask = 2147483647;
			files = (
			);
			inputPaths = (
			);
			name = "[CP] Check Pods Manifest.lock";
			outputPaths = (
			);
			runOnlyForDeploymentPostprocessing = 0;
			shellPath = /bin/sh;
			shellScript = "diff \"${PODS_ROOT}/../Podfile.lock\" \"${PODS_ROOT}/Manifest.lock\" > /dev/null\nif [[ $? != 0 ]] ; then\n    cat << EOM\nerror: The sandbox is not in sync with the Podfile.lock. Run 'pod install' or update your CocoaPods installation.\nEOM\n    exit 1\nfi\n";
			showEnvVarsInLog = 0;
		};
/* End PBXShellScriptBuildPhase section */

/* Begin PBXSourcesBuildPhase section */
		84B4199B1D9E36DA003CC1B7 /* Sources */ = {
			isa = PBXSourcesBuildPhase;
			buildActionMask = 2147483647;
			files = (
				84B419AA1D9E36DA003CC1B7 /* ViewController.m in Sources */,
				8406AE391D9E3DD900B7C862 /* BasicEncodingRules.m in Sources */,
				8406AE311D9E3D8B00B7C862 /* AppAPIClient.m in Sources */,
				8406AE341D9E3D8B00B7C862 /* StorageMgr.m in Sources */,
				8406AE351D9E3D8B00B7C862 /* Utilities.m in Sources */,
				84B419A71D9E36DA003CC1B7 /* AppDelegate.m in Sources */,
				8406AE331D9E3D8B00B7C862 /* NSString+Crypt.m in Sources */,
				8406AE3E1D9E447900B7C862 /* RequestAPI.m in Sources */,
				84B419B01D9E36DA003CC1B7 /* NetworkRequest.xcdatamodeld in Sources */,
				84B419A41D9E36DA003CC1B7 /* main.m in Sources */,
				8406AE321D9E3D8B00B7C862 /* NSData+Base64.m in Sources */,
			);
			runOnlyForDeploymentPostprocessing = 0;
		};
		84B419B71D9E36DA003CC1B7 /* Sources */ = {
			isa = PBXSourcesBuildPhase;
			buildActionMask = 2147483647;
			files = (
				84B419C01D9E36DA003CC1B7 /* NetworkRequestTests.m in Sources */,
			);
			runOnlyForDeploymentPostprocessing = 0;
		};
		84B419C21D9E36DA003CC1B7 /* Sources */ = {
			isa = PBXSourcesBuildPhase;
			buildActionMask = 2147483647;
			files = (
				84B419CB1D9E36DA003CC1B7 /* NetworkRequestUITests.m in Sources */,
			);
			runOnlyForDeploymentPostprocessing = 0;
		};
/* End PBXSourcesBuildPhase section */

/* Begin PBXTargetDependency section */
		84B419BD1D9E36DA003CC1B7 /* PBXTargetDependency */ = {
			isa = PBXTargetDependency;
			target = 84B4199E1D9E36DA003CC1B7 /* NetworkRequest */;
			targetProxy = 84B419BC1D9E36DA003CC1B7 /* PBXContainerItemProxy */;
		};
		84B419C81D9E36DA003CC1B7 /* PBXTargetDependency */ = {
			isa = PBXTargetDependency;
			target = 84B4199E1D9E36DA003CC1B7 /* NetworkRequest */;
			targetProxy = 84B419C71D9E36DA003CC1B7 /* PBXContainerItemProxy */;
		};
/* End PBXTargetDependency section */

/* Begin PBXVariantGroup section */
		84B419AB1D9E36DA003CC1B7 /* Main.storyboard */ = {
			isa = PBXVariantGroup;
			children = (
				84B419AC1D9E36DA003CC1B7 /* Base */,
			);
			name = Main.storyboard;
			sourceTree = "<group>";
		};
		84B419B31D9E36DA003CC1B7 /* LaunchScreen.storyboard */ = {
			isa = PBXVariantGroup;
			children = (
				84B419B41D9E36DA003CC1B7 /* Base */,
			);
			name = LaunchScreen.storyboard;
			sourceTree = "<group>";
		};
/* End PBXVariantGroup section */

/* Begin XCBuildConfiguration section */
		84B419CD1D9E36DA003CC1B7 /* Debug */ = {
			isa = XCBuildConfiguration;
			buildSettings = {
				ALWAYS_SEARCH_USER_PATHS = NO;
				CLANG_CXX_LANGUAGE_STANDARD = "gnu++0x";
				CLANG_CXX_LIBRARY = "libc++";
				CLANG_ENABLE_MODULES = YES;
				CLANG_ENABLE_OBJC_ARC = YES;
				CLANG_WARN_BOOL_CONVERSION = YES;
				CLANG_WARN_CONSTANT_CONVERSION = YES;
				CLANG_WARN_DIRECT_OBJC_ISA_USAGE = YES_ERROR;
				CLANG_WARN_EMPTY_BODY = YES;
				CLANG_WARN_ENUM_CONVERSION = YES;
				CLANG_WARN_INT_CONVERSION = YES;
				CLANG_WARN_OBJC_ROOT_CLASS = YES_ERROR;
				CLANG_WARN_UNREACHABLE_CODE = YES;
				CLANG_WARN__DUPLICATE_METHOD_MATCH = YES;
				"CODE_SIGN_IDENTITY[sdk=iphoneos*]" = "iPhone Developer";
				COPY_PHASE_STRIP = NO;
				DEBUG_INFORMATION_FORMAT = dwarf;
				ENABLE_STRICT_OBJC_MSGSEND = YES;
				ENABLE_TESTABILITY = YES;
				GCC_C_LANGUAGE_STANDARD = gnu99;
				GCC_DYNAMIC_NO_PIC = NO;
				GCC_NO_COMMON_BLOCKS = YES;
				GCC_OPTIMIZATION_LEVEL = 0;
				GCC_PREPROCESSOR_DEFINITIONS = (
					"DEBUG=1",
					"$(inherited)",
				);
				GCC_WARN_64_TO_32_BIT_CONVERSION = YES;
				GCC_WARN_ABOUT_RETURN_TYPE = YES_ERROR;
				GCC_WARN_UNDECLARED_SELECTOR = YES;
				GCC_WARN_UNINITIALIZED_AUTOS = YES_AGGRESSIVE;
				GCC_WARN_UNUSED_FUNCTION = YES;
				GCC_WARN_UNUSED_VARIABLE = YES;
				IPHONEOS_DEPLOYMENT_TARGET = 9.2;
				MTL_ENABLE_DEBUG_INFO = YES;
				ONLY_ACTIVE_ARCH = YES;
				SDKROOT = iphoneos;
			};
			name = Debug;
		};
		84B419CE1D9E36DA003CC1B7 /* Release */ = {
			isa = XCBuildConfiguration;
			buildSettings = {
				ALWAYS_SEARCH_USER_PATHS = NO;
				CLANG_CXX_LANGUAGE_STANDARD = "gnu++0x";
				CLANG_CXX_LIBRARY = "libc++";
				CLANG_ENABLE_MODULES = YES;
				CLANG_ENABLE_OBJC_ARC = YES;
				CLANG_WARN_BOOL_CONVERSION = YES;
				CLANG_WARN_CONSTANT_CONVERSION = YES;
				CLANG_WARN_DIRECT_OBJC_ISA_USAGE = YES_ERROR;
				CLANG_WARN_EMPTY_BODY = YES;
				CLANG_WARN_ENUM_CONVERSION = YES;
				CLANG_WARN_INT_CONVERSION = YES;
				CLANG_WARN_OBJC_ROOT_CLASS = YES_ERROR;
				CLANG_WARN_UNREACHABLE_CODE = YES;
				CLANG_WARN__DUPLICATE_METHOD_MATCH = YES;
				"CODE_SIGN_IDENTITY[sdk=iphoneos*]" = "iPhone Developer";
				COPY_PHASE_STRIP = NO;
				DEBUG_INFORMATION_FORMAT = "dwarf-with-dsym";
				ENABLE_NS_ASSERTIONS = NO;
				ENABLE_STRICT_OBJC_MSGSEND = YES;
				GCC_C_LANGUAGE_STANDARD = gnu99;
				GCC_NO_COMMON_BLOCKS = YES;
				GCC_WARN_64_TO_32_BIT_CONVERSION = YES;
				GCC_WARN_ABOUT_RETURN_TYPE = YES_ERROR;
				GCC_WARN_UNDECLARED_SELECTOR = YES;
				GCC_WARN_UNINITIALIZED_AUTOS = YES_AGGRESSIVE;
				GCC_WARN_UNUSED_FUNCTION = YES;
				GCC_WARN_UNUSED_VARIABLE = YES;
				IPHONEOS_DEPLOYMENT_TARGET = 9.2;
				MTL_ENABLE_DEBUG_INFO = NO;
				SDKROOT = iphoneos;
				VALIDATE_PRODUCT = YES;
			};
			name = Release;
		};
		84B419D01D9E36DA003CC1B7 /* Debug */ = {
			isa = XCBuildConfiguration;
			baseConfigurationReference = 082131E5E9EC5FED7F2CBB78 /* Pods-NetworkRequest.debug.xcconfig */;
			buildSettings = {
				ASSETCATALOG_COMPILER_APPICON_NAME = AppIcon;
				FRAMEWORK_SEARCH_PATHS = (
					"$(inherited)",
					"$(PROJECT_DIR)/NetworkRequest",
				);
				GCC_PRECOMPILE_PREFIX_HEADER = YES;
				GCC_PREFIX_HEADER = NetworkRequest/PrefixHeader.pch;
				INFOPLIST_FILE = NetworkRequest/Info.plist;
				IPHONEOS_DEPLOYMENT_TARGET = 9.0;
				LD_RUNPATH_SEARCH_PATHS = "$(inherited) @executable_path/Frameworks";
				PRODUCT_BUNDLE_IDENTIFIER = fly.NetworkRequest;
				PRODUCT_NAME = "$(TARGET_NAME)";
			};
			name = Debug;
		};
		84B419D11D9E36DA003CC1B7 /* Release */ = {
			isa = XCBuildConfiguration;
			baseConfigurationReference = A13BD1F22EE4E7246151791C /* Pods-NetworkRequest.release.xcconfig */;
			buildSettings = {
				ASSETCATALOG_COMPILER_APPICON_NAME = AppIcon;
				FRAMEWORK_SEARCH_PATHS = (
					"$(inherited)",
					"$(PROJECT_DIR)/NetworkRequest",
				);
				GCC_PRECOMPILE_PREFIX_HEADER = YES;
				GCC_PREFIX_HEADER = NetworkRequest/PrefixHeader.pch;
				INFOPLIST_FILE = NetworkRequest/Info.plist;
				IPHONEOS_DEPLOYMENT_TARGET = 9.0;
				LD_RUNPATH_SEARCH_PATHS = "$(inherited) @executable_path/Frameworks";
				PRODUCT_BUNDLE_IDENTIFIER = fly.NetworkRequest;
				PRODUCT_NAME = "$(TARGET_NAME)";
			};
			name = Release;
		};
		84B419D31D9E36DA003CC1B7 /* Debug */ = {
			isa = XCBuildConfiguration;
			buildSettings = {
				BUNDLE_LOADER = "$(TEST_HOST)";
				INFOPLIST_FILE = NetworkRequestTests/Info.plist;
				LD_RUNPATH_SEARCH_PATHS = "$(inherited) @executable_path/Frameworks @loader_path/Frameworks";
				PRODUCT_BUNDLE_IDENTIFIER = fly.NetworkRequestTests;
				PRODUCT_NAME = "$(TARGET_NAME)";
				TEST_HOST = "$(BUILT_PRODUCTS_DIR)/NetworkRequest.app/NetworkRequest";
			};
			name = Debug;
		};
		84B419D41D9E36DA003CC1B7 /* Release */ = {
			isa = XCBuildConfiguration;
			buildSettings = {
				BUNDLE_LOADER = "$(TEST_HOST)";
				INFOPLIST_FILE = NetworkRequestTests/Info.plist;
				LD_RUNPATH_SEARCH_PATHS = "$(inherited) @executable_path/Frameworks @loader_path/Frameworks";
				PRODUCT_BUNDLE_IDENTIFIER = fly.NetworkRequestTests;
				PRODUCT_NAME = "$(TARGET_NAME)";
				TEST_HOST = "$(BUILT_PRODUCTS_DIR)/NetworkRequest.app/NetworkRequest";
			};
			name = Release;
		};
		84B419D61D9E36DA003CC1B7 /* Debug */ = {
			isa = XCBuildConfiguration;
			buildSettings = {
				INFOPLIST_FILE = NetworkRequestUITests/Info.plist;
				LD_RUNPATH_SEARCH_PATHS = "$(inherited) @executable_path/Frameworks @loader_path/Frameworks";
				PRODUCT_BUNDLE_IDENTIFIER = fly.NetworkRequestUITests;
				PRODUCT_NAME = "$(TARGET_NAME)";
				TEST_TARGET_NAME = NetworkRequest;
				USES_XCTRUNNER = YES;
			};
			name = Debug;
		};
		84B419D71D9E36DA003CC1B7 /* Release */ = {
			isa = XCBuildConfiguration;
			buildSettings = {
				INFOPLIST_FILE = NetworkRequestUITests/Info.plist;
				LD_RUNPATH_SEARCH_PATHS = "$(inherited) @executable_path/Frameworks @loader_path/Frameworks";
				PRODUCT_BUNDLE_IDENTIFIER = fly.NetworkRequestUITests;
				PRODUCT_NAME = "$(TARGET_NAME)";
				TEST_TARGET_NAME = NetworkRequest;
				USES_XCTRUNNER = YES;
			};
			name = Release;
		};
/* End XCBuildConfiguration section */

/* Begin XCConfigurationList section */
		84B4199A1D9E36DA003CC1B7 /* Build configuration list for PBXProject "NetworkRequest" */ = {
			isa = XCConfigurationList;
			buildConfigurations = (
				84B419CD1D9E36DA003CC1B7 /* Debug */,
				84B419CE1D9E36DA003CC1B7 /* Release */,
			);
			defaultConfigurationIsVisible = 0;
			defaultConfigurationName = Release;
		};
		84B419CF1D9E36DA003CC1B7 /* Build configuration list for PBXNativeTarget "NetworkRequest" */ = {
			isa = XCConfigurationList;
			buildConfigurations = (
				84B419D01D9E36DA003CC1B7 /* Debug */,
				84B419D11D9E36DA003CC1B7 /* Release */,
			);
			defaultConfigurationIsVisible = 0;
			defaultConfigurationName = Release;
		};
		84B419D21D9E36DA003CC1B7 /* Build configuration list for PBXNativeTarget "NetworkRequestTests" */ = {
			isa = XCConfigurationList;
			buildConfigurations = (
				84B419D31D9E36DA003CC1B7 /* Debug */,
				84B419D41D9E36DA003CC1B7 /* Release */,
			);
			defaultConfigurationIsVisible = 0;
			defaultConfigurationName = Release;
		};
		84B419D51D9E36DA003CC1B7 /* Build configuration list for PBXNativeTarget "NetworkRequestUITests" */ = {
			isa = XCConfigurationList;
			buildConfigurations = (
				84B419D61D9E36DA003CC1B7 /* Debug */,
				84B419D71D9E36DA003CC1B7 /* Release */,
			);
			defaultConfigurationIsVisible = 0;
			defaultConfigurationName = Release;
		};
/* End XCConfigurationList section */

/* Begin XCVersionGroup section */
		84B419AE1D9E36DA003CC1B7 /* NetworkRequest.xcdatamodeld */ = {
			isa = XCVersionGroup;
			children = (
				84B419AF1D9E36DA003CC1B7 /* NetworkRequest.xcdatamodel */,
			);
			currentVersion = 84B419AF1D9E36DA003CC1B7 /* NetworkRequest.xcdatamodel */;
			path = NetworkRequest.xcdatamodeld;
			sourceTree = "<group>";
			versionGroupType = wrapper.xcdatamodel;
		};
/* End XCVersionGroup section */
	};
	rootObject = 84B419971D9E36DA003CC1B7 /* Project object */;
}
