// !$*UTF8*$!
{
	archiveVersion = 1;
	classes = {
	};
	objectVersion = 46;
	objects = {

/* Begin PBXBuildFile section */
		1F8B90F51DAE70E900F20429 /* Profile.m in Sources */ = {isa = PBXBuildFile; fileRef = 1F8B90F41DAE70E900F20429 /* Profile.m */; };
		7C3200A21DACBC88004D65E5 /* singUpViewController.m in Sources */ = {isa = PBXBuildFile; fileRef = 7C3200A11DACBC88004D65E5 /* singUpViewController.m */; };
		7C3200A51DACC5E4004D65E5 /* Localizable.strings in Resources */ = {isa = PBXBuildFile; fileRef = 7C3200A71DACC5E4004D65E5 /* Localizable.strings */; };
		7C3200AB1DACCF19004D65E5 /* ErrorHandler.m in Sources */ = {isa = PBXBuildFile; fileRef = 7C3200AA1DACCF19004D65E5 /* ErrorHandler.m */; };
		7C832C051DAF7D990042942A /* HomeTableViewController.m in Sources */ = {isa = PBXBuildFile; fileRef = 7C832C041DAF7D990042942A /* HomeTableViewController.m */; };
		7C83482D1DAE1C9600C8CD57 /* singInViewController.m in Sources */ = {isa = PBXBuildFile; fileRef = 7C83482C1DAE1C9600C8CD57 /* singInViewController.m */; };
		7CD40DD11DAB71A80001680D /* BasicEncodingRules.m in Sources */ = {isa = PBXBuildFile; fileRef = 7CD40DD01DAB71A80001680D /* BasicEncodingRules.m */; };
		7CD40DDD1DAB72140001680D /* AppAPIClient.m in Sources */ = {isa = PBXBuildFile; fileRef = 7CD40DD41DAB72140001680D /* AppAPIClient.m */; };
		7CD40DDE1DAB72140001680D /* NSData+Base64.m in Sources */ = {isa = PBXBuildFile; fileRef = 7CD40DD61DAB72140001680D /* NSData+Base64.m */; };
		7CD40DDF1DAB72140001680D /* NSString+Crypt.m in Sources */ = {isa = PBXBuildFile; fileRef = 7CD40DD81DAB72140001680D /* NSString+Crypt.m */; };
		7CD40DE01DAB72140001680D /* StorageMgr.m in Sources */ = {isa = PBXBuildFile; fileRef = 7CD40DDA1DAB72140001680D /* StorageMgr.m */; };
		7CD40DE11DAB72140001680D /* Utilities.m in Sources */ = {isa = PBXBuildFile; fileRef = 7CD40DDC1DAB72140001680D /* Utilities.m */; };
		7CD40DE61DAB76F00001680D /* RequestAPI.m in Sources */ = {isa = PBXBuildFile; fileRef = 7CD40DE51DAB76F00001680D /* RequestAPI.m */; };
		7CD40DE81DAB7BDD0001680D /* Openssl.framework in Frameworks */ = {isa = PBXBuildFile; fileRef = 7CD40DE71DAB7BDD0001680D /* Openssl.framework */; };
		B562719DA9792532B265DCF0 /* libPods-jianwang.a in Frameworks */ = {isa = PBXBuildFile; fileRef = 4A431D87BAF74A5B19906D6A /* libPods-jianwang.a */; };
		DED6204B1DAA326B00B2FFD2 /* main.m in Sources */ = {isa = PBXBuildFile; fileRef = DED6204A1DAA326B00B2FFD2 /* main.m */; };
		DED6204E1DAA326B00B2FFD2 /* AppDelegate.m in Sources */ = {isa = PBXBuildFile; fileRef = DED6204D1DAA326B00B2FFD2 /* AppDelegate.m */; };
		DED620541DAA326B00B2FFD2 /* Main.storyboard in Resources */ = {isa = PBXBuildFile; fileRef = DED620521DAA326B00B2FFD2 /* Main.storyboard */; };
		DED620571DAA326B00B2FFD2 /* jianwang.xcdatamodeld in Sources */ = {isa = PBXBuildFile; fileRef = DED620551DAA326B00B2FFD2 /* jianwang.xcdatamodeld */; };
		DED620591DAA326B00B2FFD2 /* Assets.xcassets in Resources */ = {isa = PBXBuildFile; fileRef = DED620581DAA326B00B2FFD2 /* Assets.xcassets */; };
		DED6205C1DAA326B00B2FFD2 /* LaunchScreen.storyboard in Resources */ = {isa = PBXBuildFile; fileRef = DED6205A1DAA326B00B2FFD2 /* LaunchScreen.storyboard */; };
		DED620671DAA326B00B2FFD2 /* jianwangTests.m in Sources */ = {isa = PBXBuildFile; fileRef = DED620661DAA326B00B2FFD2 /* jianwangTests.m */; };
		DED620721DAA326C00B2FFD2 /* jianwangUITests.m in Sources */ = {isa = PBXBuildFile; fileRef = DED620711DAA326C00B2FFD2 /* jianwangUITests.m */; };
/* End PBXBuildFile section */

/* Begin PBXContainerItemProxy section */
		DED620631DAA326B00B2FFD2 /* PBXContainerItemProxy */ = {
			isa = PBXContainerItemProxy;
			containerPortal = DED6203E1DAA326B00B2FFD2 /* Project object */;
			proxyType = 1;
			remoteGlobalIDString = DED620451DAA326B00B2FFD2;
			remoteInfo = jianwang;
		};
		DED6206E1DAA326C00B2FFD2 /* PBXContainerItemProxy */ = {
			isa = PBXContainerItemProxy;
			containerPortal = DED6203E1DAA326B00B2FFD2 /* Project object */;
			proxyType = 1;
			remoteGlobalIDString = DED620451DAA326B00B2FFD2;
			remoteInfo = jianwang;
		};
/* End PBXContainerItemProxy section */

/* Begin PBXFileReference section */
		1F8B90F31DAE70E900F20429 /* Profile.h */ = {isa = PBXFileReference; fileEncoding = 4; lastKnownFileType = sourcecode.c.h; path = Profile.h; sourceTree = "<group>"; };
		1F8B90F41DAE70E900F20429 /* Profile.m */ = {isa = PBXFileReference; fileEncoding = 4; lastKnownFileType = sourcecode.c.objc; path = Profile.m; sourceTree = "<group>"; };
		2DD7368C13562D275DFAF7AF /* Pods-jianwang.debug.xcconfig */ = {isa = PBXFileReference; includeInIndex = 1; lastKnownFileType = text.xcconfig; name = "Pods-jianwang.debug.xcconfig"; path = "../Pods/Target Support Files/Pods-jianwang/Pods-jianwang.debug.xcconfig"; sourceTree = "<group>"; };
		4A431D87BAF74A5B19906D6A /* libPods-jianwang.a */ = {isa = PBXFileReference; explicitFileType = archive.ar; includeInIndex = 0; path = "libPods-jianwang.a"; sourceTree = BUILT_PRODUCTS_DIR; };
		7C32009F1DACBB35004D65E5 /* Constants.h */ = {isa = PBXFileReference; fileEncoding = 4; lastKnownFileType = sourcecode.c.h; path = Constants.h; sourceTree = "<group>"; };
		7C3200A01DACBC88004D65E5 /* singUpViewController.h */ = {isa = PBXFileReference; fileEncoding = 4; lastKnownFileType = sourcecode.c.h; path = singUpViewController.h; sourceTree = "<group>"; };
		7C3200A11DACBC88004D65E5 /* singUpViewController.m */ = {isa = PBXFileReference; fileEncoding = 4; lastKnownFileType = sourcecode.c.objc; path = singUpViewController.m; sourceTree = "<group>"; };
		7C3200A61DACC5E4004D65E5 /* Base */ = {isa = PBXFileReference; lastKnownFileType = text.plist.strings; name = Base; path = Base.lproj/Localizable.strings; sourceTree = "<group>"; };
		7C3200A91DACCF19004D65E5 /* ErrorHandler.h */ = {isa = PBXFileReference; fileEncoding = 4; lastKnownFileType = sourcecode.c.h; path = ErrorHandler.h; sourceTree = "<group>"; };
		7C3200AA1DACCF19004D65E5 /* ErrorHandler.m */ = {isa = PBXFileReference; fileEncoding = 4; lastKnownFileType = sourcecode.c.objc; path = ErrorHandler.m; sourceTree = "<group>"; };
		7C832C031DAF7D990042942A /* HomeTableViewController.h */ = {isa = PBXFileReference; fileEncoding = 4; lastKnownFileType = sourcecode.c.h; path = HomeTableViewController.h; sourceTree = "<group>"; };
		7C832C041DAF7D990042942A /* HomeTableViewController.m */ = {isa = PBXFileReference; fileEncoding = 4; lastKnownFileType = sourcecode.c.objc; path = HomeTableViewController.m; sourceTree = "<group>"; };
		7C83482B1DAE1C9600C8CD57 /* singInViewController.h */ = {isa = PBXFileReference; fileEncoding = 4; lastKnownFileType = sourcecode.c.h; path = singInViewController.h; sourceTree = "<group>"; };
		7C83482C1DAE1C9600C8CD57 /* singInViewController.m */ = {isa = PBXFileReference; fileEncoding = 4; lastKnownFileType = sourcecode.c.objc; path = singInViewController.m; sourceTree = "<group>"; };
		7CD40DCC1DAB71380001680D /* Openssl.framework */ = {isa = PBXFileReference; lastKnownFileType = wrapper.framework; name = Openssl.framework; path = ../../iOS_21/3rd/Openssl.framework; sourceTree = "<group>"; };
		7CD40DCF1DAB71A80001680D /* BasicEncodingRules.h */ = {isa = PBXFileReference; fileEncoding = 4; lastKnownFileType = sourcecode.c.h; name = BasicEncodingRules.h; path = "SCZ-BasicEncodingRules/BasicEncodingRules.h"; sourceTree = "<group>"; };
		7CD40DD01DAB71A80001680D /* BasicEncodingRules.m */ = {isa = PBXFileReference; fileEncoding = 4; lastKnownFileType = sourcecode.c.objc; name = BasicEncodingRules.m; path = "SCZ-BasicEncodingRules/BasicEncodingRules.m"; sourceTree = "<group>"; };
		7CD40DD31DAB72140001680D /* AppAPIClient.h */ = {isa = PBXFileReference; fileEncoding = 4; lastKnownFileType = sourcecode.c.h; name = AppAPIClient.h; path = Utility/AppAPIClient.h; sourceTree = "<group>"; };
		7CD40DD41DAB72140001680D /* AppAPIClient.m */ = {isa = PBXFileReference; fileEncoding = 4; lastKnownFileType = sourcecode.c.objc; name = AppAPIClient.m; path = Utility/AppAPIClient.m; sourceTree = "<group>"; };
		7CD40DD51DAB72140001680D /* NSData+Base64.h */ = {isa = PBXFileReference; fileEncoding = 4; lastKnownFileType = sourcecode.c.h; name = "NSData+Base64.h"; path = "Utility/NSData+Base64.h"; sourceTree = "<group>"; };
		7CD40DD61DAB72140001680D /* NSData+Base64.m */ = {isa = PBXFileReference; fileEncoding = 4; lastKnownFileType = sourcecode.c.objc; name = "NSData+Base64.m"; path = "Utility/NSData+Base64.m"; sourceTree = "<group>"; };
		7CD40DD71DAB72140001680D /* NSString+Crypt.h */ = {isa = PBXFileReference; fileEncoding = 4; lastKnownFileType = sourcecode.c.h; name = "NSString+Crypt.h"; path = "Utility/NSString+Crypt.h"; sourceTree = "<group>"; };
		7CD40DD81DAB72140001680D /* NSString+Crypt.m */ = {isa = PBXFileReference; fileEncoding = 4; lastKnownFileType = sourcecode.c.objc; name = "NSString+Crypt.m"; path = "Utility/NSString+Crypt.m"; sourceTree = "<group>"; };
		7CD40DD91DAB72140001680D /* StorageMgr.h */ = {isa = PBXFileReference; fileEncoding = 4; lastKnownFileType = sourcecode.c.h; name = StorageMgr.h; path = Utility/StorageMgr.h; sourceTree = "<group>"; };
		7CD40DDA1DAB72140001680D /* StorageMgr.m */ = {isa = PBXFileReference; fileEncoding = 4; lastKnownFileType = sourcecode.c.objc; name = StorageMgr.m; path = Utility/StorageMgr.m; sourceTree = "<group>"; };
		7CD40DDB1DAB72140001680D /* Utilities.h */ = {isa = PBXFileReference; fileEncoding = 4; lastKnownFileType = sourcecode.c.h; name = Utilities.h; path = Utility/Utilities.h; sourceTree = "<group>"; };
		7CD40DDC1DAB72140001680D /* Utilities.m */ = {isa = PBXFileReference; fileEncoding = 4; lastKnownFileType = sourcecode.c.objc; name = Utilities.m; path = Utility/Utilities.m; sourceTree = "<group>"; };
		7CD40DE31DAB75720001680D /* PrefixHeader.pch */ = {isa = PBXFileReference; fileEncoding = 4; lastKnownFileType = sourcecode.c.h; path = PrefixHeader.pch; sourceTree = "<group>"; };
		7CD40DE41DAB76F00001680D /* RequestAPI.h */ = {isa = PBXFileReference; fileEncoding = 4; lastKnownFileType = sourcecode.c.h; path = RequestAPI.h; sourceTree = "<group>"; };
		7CD40DE51DAB76F00001680D /* RequestAPI.m */ = {isa = PBXFileReference; fileEncoding = 4; lastKnownFileType = sourcecode.c.objc; path = RequestAPI.m; sourceTree = "<group>"; };
		7CD40DE71DAB7BDD0001680D /* Openssl.framework */ = {isa = PBXFileReference; lastKnownFileType = wrapper.framework; path = Openssl.framework; sourceTree = "<group>"; };
		86719F7B1C561DC7C9229BEF /* Pods-jianwang.release.xcconfig */ = {isa = PBXFileReference; includeInIndex = 1; lastKnownFileType = text.xcconfig; name = "Pods-jianwang.release.xcconfig"; path = "../Pods/Target Support Files/Pods-jianwang/Pods-jianwang.release.xcconfig"; sourceTree = "<group>"; };
		DED620461DAA326B00B2FFD2 /* jianwang.app */ = {isa = PBXFileReference; explicitFileType = wrapper.application; includeInIndex = 0; path = jianwang.app; sourceTree = BUILT_PRODUCTS_DIR; };
		DED6204A1DAA326B00B2FFD2 /* main.m */ = {isa = PBXFileReference; lastKnownFileType = sourcecode.c.objc; path = main.m; sourceTree = "<group>"; };
		DED6204C1DAA326B00B2FFD2 /* AppDelegate.h */ = {isa = PBXFileReference; lastKnownFileType = sourcecode.c.h; path = AppDelegate.h; sourceTree = "<group>"; };
		DED6204D1DAA326B00B2FFD2 /* AppDelegate.m */ = {isa = PBXFileReference; lastKnownFileType = sourcecode.c.objc; path = AppDelegate.m; sourceTree = "<group>"; };
		DED620531DAA326B00B2FFD2 /* Base */ = {isa = PBXFileReference; lastKnownFileType = file.storyboard; name = Base; path = Base.lproj/Main.storyboard; sourceTree = "<group>"; };
		DED620561DAA326B00B2FFD2 /* jianwang.xcdatamodel */ = {isa = PBXFileReference; lastKnownFileType = wrapper.xcdatamodel; path = jianwang.xcdatamodel; sourceTree = "<group>"; };
		DED620581DAA326B00B2FFD2 /* Assets.xcassets */ = {isa = PBXFileReference; lastKnownFileType = folder.assetcatalog; name = Assets.xcassets; path = jianwang/Assets.xcassets; sourceTree = "<group>"; };
		DED6205B1DAA326B00B2FFD2 /* Base */ = {isa = PBXFileReference; lastKnownFileType = file.storyboard; name = Base; path = Base.lproj/LaunchScreen.storyboard; sourceTree = "<group>"; };
		DED6205D1DAA326B00B2FFD2 /* Info.plist */ = {isa = PBXFileReference; lastKnownFileType = text.plist.xml; path = Info.plist; sourceTree = "<group>"; };
		DED620621DAA326B00B2FFD2 /* jianwangTests.xctest */ = {isa = PBXFileReference; explicitFileType = wrapper.cfbundle; includeInIndex = 0; path = jianwangTests.xctest; sourceTree = BUILT_PRODUCTS_DIR; };
		DED620661DAA326B00B2FFD2 /* jianwangTests.m */ = {isa = PBXFileReference; lastKnownFileType = sourcecode.c.objc; path = jianwangTests.m; sourceTree = "<group>"; };
		DED620681DAA326C00B2FFD2 /* Info.plist */ = {isa = PBXFileReference; lastKnownFileType = text.plist.xml; name = Info.plist; path = jianwangTests/Info.plist; sourceTree = SOURCE_ROOT; };
		DED6206D1DAA326C00B2FFD2 /* jianwangUITests.xctest */ = {isa = PBXFileReference; explicitFileType = wrapper.cfbundle; includeInIndex = 0; path = jianwangUITests.xctest; sourceTree = BUILT_PRODUCTS_DIR; };
		DED620711DAA326C00B2FFD2 /* jianwangUITests.m */ = {isa = PBXFileReference; lastKnownFileType = sourcecode.c.objc; path = jianwangUITests.m; sourceTree = "<group>"; };
		DED620731DAA326C00B2FFD2 /* Info.plist */ = {isa = PBXFileReference; lastKnownFileType = text.plist.xml; path = Info.plist; sourceTree = "<group>"; };
/* End PBXFileReference section */

/* Begin PBXFrameworksBuildPhase section */
		DED620431DAA326B00B2FFD2 /* Frameworks */ = {
			isa = PBXFrameworksBuildPhase;
			buildActionMask = 2147483647;
			files = (
				B562719DA9792532B265DCF0 /* libPods-jianwang.a in Frameworks */,
				7CD40DE81DAB7BDD0001680D /* Openssl.framework in Frameworks */,
			);
			runOnlyForDeploymentPostprocessing = 0;
		};
		DED6205F1DAA326B00B2FFD2 /* Frameworks */ = {
			isa = PBXFrameworksBuildPhase;
			buildActionMask = 2147483647;
			files = (
			);
			runOnlyForDeploymentPostprocessing = 0;
		};
		DED6206A1DAA326C00B2FFD2 /* Frameworks */ = {
			isa = PBXFrameworksBuildPhase;
			buildActionMask = 2147483647;
			files = (
			);
			runOnlyForDeploymentPostprocessing = 0;
		};
/* End PBXFrameworksBuildPhase section */

/* Begin PBXGroup section */
		7C32009E1DACBAC7004D65E5 /* Constant */ = {
			isa = PBXGroup;
			children = (
				7C32009F1DACBB35004D65E5 /* Constants.h */,
			);
			name = Constant;
			sourceTree = "<group>";
		};
		7C3200A81DACCEF0004D65E5 /* AliUtil */ = {
			isa = PBXGroup;
			children = (
			);
			name = AliUtil;
			sourceTree = "<group>";
		};
		7CD40DC71DAB6A8E0001680D /* Controller */ = {
			isa = PBXGroup;
			children = (
				7C832C031DAF7D990042942A /* HomeTableViewController.h */,
				7C832C041DAF7D990042942A /* HomeTableViewController.m */,
				7C83482B1DAE1C9600C8CD57 /* singInViewController.h */,
				7C83482C1DAE1C9600C8CD57 /* singInViewController.m */,
				7C3200A01DACBC88004D65E5 /* singUpViewController.h */,
				7C3200A11DACBC88004D65E5 /* singUpViewController.m */,
			);
			name = Controller;
			sourceTree = "<group>";
		};
		7CD40DC81DAB6A930001680D /* Model */ = {
			isa = PBXGroup;
			children = (
				DED620551DAA326B00B2FFD2 /* jianwang.xcdatamodeld */,
			);
			name = Model;
			sourceTree = "<group>";
		};
		7CD40DC91DAB6A970001680D /* View */ = {
			isa = PBXGroup;
			children = (
				DED6205A1DAA326B00B2FFD2 /* LaunchScreen.storyboard */,
				DED620521DAA326B00B2FFD2 /* Main.storyboard */,
				DED620581DAA326B00B2FFD2 /* Assets.xcassets */,
			);
			name = View;
			sourceTree = "<group>";
		};
		7CD40DCB1DAB6B960001680D /* 3rd */ = {
			isa = PBXGroup;
			children = (
				7CD40DCE1DAB716B0001680D /* SCZ-BasicEncodingRules */,
			);
			name = 3rd;
			sourceTree = "<group>";
		};
		7CD40DCE1DAB716B0001680D /* SCZ-BasicEncodingRules */ = {
			isa = PBXGroup;
			children = (
				7CD40DCF1DAB71A80001680D /* BasicEncodingRules.h */,
				7CD40DD01DAB71A80001680D /* BasicEncodingRules.m */,
			);
			name = "SCZ-BasicEncodingRules";
			sourceTree = "<group>";
		};
		7CD40DD21DAB71EC0001680D /* Utility */ = {
			isa = PBXGroup;
			children = (
				7C3200A81DACCEF0004D65E5 /* AliUtil */,
				1F8B90F31DAE70E900F20429 /* Profile.h */,
				1F8B90F41DAE70E900F20429 /* Profile.m */,
				7C3200A91DACCF19004D65E5 /* ErrorHandler.h */,
				7C3200AA1DACCF19004D65E5 /* ErrorHandler.m */,
				7CD40DE41DAB76F00001680D /* RequestAPI.h */,
				7CD40DE51DAB76F00001680D /* RequestAPI.m */,
				7CD40DD31DAB72140001680D /* AppAPIClient.h */,
				7CD40DD41DAB72140001680D /* AppAPIClient.m */,
				7CD40DD51DAB72140001680D /* NSData+Base64.h */,
				7CD40DD61DAB72140001680D /* NSData+Base64.m */,
				7CD40DD71DAB72140001680D /* NSString+Crypt.h */,
				7CD40DD81DAB72140001680D /* NSString+Crypt.m */,
				7CD40DD91DAB72140001680D /* StorageMgr.h */,
				7CD40DDA1DAB72140001680D /* StorageMgr.m */,
				7CD40DDB1DAB72140001680D /* Utilities.h */,
				7CD40DDC1DAB72140001680D /* Utilities.m */,
			);
			name = Utility;
			sourceTree = "<group>";
		};
		9569F153DF25C25D132E0D82 /* Frameworks */ = {
			isa = PBXGroup;
			children = (
				7CD40DCC1DAB71380001680D /* Openssl.framework */,
				4A431D87BAF74A5B19906D6A /* libPods-jianwang.a */,
			);
			name = Frameworks;
			sourceTree = "<group>";
		};
		B5C1221D741AE26DED34C34F /* Pods */ = {
			isa = PBXGroup;
			children = (
				2DD7368C13562D275DFAF7AF /* Pods-jianwang.debug.xcconfig */,
				86719F7B1C561DC7C9229BEF /* Pods-jianwang.release.xcconfig */,
			);
			name = Pods;
			sourceTree = "<group>";
		};
		DED6203D1DAA326B00B2FFD2 = {
			isa = PBXGroup;
			children = (
				7C32009E1DACBAC7004D65E5 /* Constant */,
				7CD40DE71DAB7BDD0001680D /* Openssl.framework */,
				7CD40DD21DAB71EC0001680D /* Utility */,
				7CD40DCB1DAB6B960001680D /* 3rd */,
				7CD40DC91DAB6A970001680D /* View */,
				7CD40DC81DAB6A930001680D /* Model */,
				7CD40DC71DAB6A8E0001680D /* Controller */,
				DED620481DAA326B00B2FFD2 /* jianwang */,
				DED620651DAA326B00B2FFD2 /* jianwangTests */,
				DED620701DAA326C00B2FFD2 /* jianwangUITests */,
				DED620471DAA326B00B2FFD2 /* Products */,
				B5C1221D741AE26DED34C34F /* Pods */,
				9569F153DF25C25D132E0D82 /* Frameworks */,
			);
			sourceTree = "<group>";
		};
		DED620471DAA326B00B2FFD2 /* Products */ = {
			isa = PBXGroup;
			children = (
				DED620461DAA326B00B2FFD2 /* jianwang.app */,
				DED620621DAA326B00B2FFD2 /* jianwangTests.xctest */,
				DED6206D1DAA326C00B2FFD2 /* jianwangUITests.xctest */,
			);
			name = Products;
			sourceTree = "<group>";
		};
		DED620481DAA326B00B2FFD2 /* jianwang */ = {
			isa = PBXGroup;
			children = (
				DED620491DAA326B00B2FFD2 /* Supporting Files */,
			);
			path = jianwang;
			sourceTree = "<group>";
		};
		DED620491DAA326B00B2FFD2 /* Supporting Files */ = {
			isa = PBXGroup;
			children = (
				DED6205D1DAA326B00B2FFD2 /* Info.plist */,
				7C3200A71DACC5E4004D65E5 /* Localizable.strings */,
				7CD40DE31DAB75720001680D /* PrefixHeader.pch */,
				DED6204D1DAA326B00B2FFD2 /* AppDelegate.m */,
				DED6204C1DAA326B00B2FFD2 /* AppDelegate.h */,
				DED6204A1DAA326B00B2FFD2 /* main.m */,
			);
			name = "Supporting Files";
			sourceTree = "<group>";
		};
		DED620651DAA326B00B2FFD2 /* jianwangTests */ = {
			isa = PBXGroup;
			children = (
				DED620661DAA326B00B2FFD2 /* jianwangTests.m */,
				DED620681DAA326C00B2FFD2 /* Info.plist */,
			);
			path = jianwangTests;
			sourceTree = "<group>";
		};
		DED620701DAA326C00B2FFD2 /* jianwangUITests */ = {
			isa = PBXGroup;
			children = (
				DED620711DAA326C00B2FFD2 /* jianwangUITests.m */,
				DED620731DAA326C00B2FFD2 /* Info.plist */,
			);
			path = jianwangUITests;
			sourceTree = "<group>";
		};
/* End PBXGroup section */

/* Begin PBXNativeTarget section */
		DED620451DAA326B00B2FFD2 /* jianwang */ = {
			isa = PBXNativeTarget;
			buildConfigurationList = DED620761DAA326C00B2FFD2 /* Build configuration list for PBXNativeTarget "jianwang" */;
			buildPhases = (
				00322D650AC2447A708F8D08 /* [CP] Check Pods Manifest.lock */,
				DED620421DAA326B00B2FFD2 /* Sources */,
				DED620431DAA326B00B2FFD2 /* Frameworks */,
				DED620441DAA326B00B2FFD2 /* Resources */,
				8916AD86B5427F663EC4AEDA /* [CP] Embed Pods Frameworks */,
				EA40CC96FCBD88D09CA59F11 /* [CP] Copy Pods Resources */,
			);
			buildRules = (
			);
			dependencies = (
			);
			name = jianwang;
			productName = jianwang;
			productReference = DED620461DAA326B00B2FFD2 /* jianwang.app */;
			productType = "com.apple.product-type.application";
		};
		DED620611DAA326B00B2FFD2 /* jianwangTests */ = {
			isa = PBXNativeTarget;
			buildConfigurationList = DED620791DAA326C00B2FFD2 /* Build configuration list for PBXNativeTarget "jianwangTests" */;
			buildPhases = (
				DED6205E1DAA326B00B2FFD2 /* Sources */,
				DED6205F1DAA326B00B2FFD2 /* Frameworks */,
				DED620601DAA326B00B2FFD2 /* Resources */,
			);
			buildRules = (
			);
			dependencies = (
				DED620641DAA326B00B2FFD2 /* PBXTargetDependency */,
			);
			name = jianwangTests;
			productName = jianwangTests;
			productReference = DED620621DAA326B00B2FFD2 /* jianwangTests.xctest */;
			productType = "com.apple.product-type.bundle.unit-test";
		};
		DED6206C1DAA326C00B2FFD2 /* jianwangUITests */ = {
			isa = PBXNativeTarget;
			buildConfigurationList = DED6207C1DAA326C00B2FFD2 /* Build configuration list for PBXNativeTarget "jianwangUITests" */;
			buildPhases = (
				DED620691DAA326C00B2FFD2 /* Sources */,
				DED6206A1DAA326C00B2FFD2 /* Frameworks */,
				DED6206B1DAA326C00B2FFD2 /* Resources */,
			);
			buildRules = (
			);
			dependencies = (
				DED6206F1DAA326C00B2FFD2 /* PBXTargetDependency */,
			);
			name = jianwangUITests;
			productName = jianwangUITests;
			productReference = DED6206D1DAA326C00B2FFD2 /* jianwangUITests.xctest */;
			productType = "com.apple.product-type.bundle.ui-testing";
		};
/* End PBXNativeTarget section */

/* Begin PBXProject section */
		DED6203E1DAA326B00B2FFD2 /* Project object */ = {
			isa = PBXProject;
			attributes = {
				LastUpgradeCheck = 0710;
				ORGANIZATIONNAME = cj;
				TargetAttributes = {
					DED620451DAA326B00B2FFD2 = {
						CreatedOnToolsVersion = 7.1;
					};
					DED620611DAA326B00B2FFD2 = {
						CreatedOnToolsVersion = 7.1;
						TestTargetID = DED620451DAA326B00B2FFD2;
					};
					DED6206C1DAA326C00B2FFD2 = {
						CreatedOnToolsVersion = 7.1;
						TestTargetID = DED620451DAA326B00B2FFD2;
					};
				};
			};
			buildConfigurationList = DED620411DAA326B00B2FFD2 /* Build configuration list for PBXProject "jianwang" */;
			compatibilityVersion = "Xcode 3.2";
			developmentRegion = English;
			hasScannedForEncodings = 0;
			knownRegions = (
				en,
				Base,
			);
			mainGroup = DED6203D1DAA326B00B2FFD2;
			productRefGroup = DED620471DAA326B00B2FFD2 /* Products */;
			projectDirPath = "";
			projectRoot = "";
			targets = (
				DED620451DAA326B00B2FFD2 /* jianwang */,
				DED620611DAA326B00B2FFD2 /* jianwangTests */,
				DED6206C1DAA326C00B2FFD2 /* jianwangUITests */,
			);
		};
/* End PBXProject section */

/* Begin PBXResourcesBuildPhase section */
		DED620441DAA326B00B2FFD2 /* Resources */ = {
			isa = PBXResourcesBuildPhase;
			buildActionMask = 2147483647;
			files = (
				DED6205C1DAA326B00B2FFD2 /* LaunchScreen.storyboard in Resources */,
				7C3200A51DACC5E4004D65E5 /* Localizable.strings in Resources */,
				DED620591DAA326B00B2FFD2 /* Assets.xcassets in Resources */,
				DED620541DAA326B00B2FFD2 /* Main.storyboard in Resources */,
			);
			runOnlyForDeploymentPostprocessing = 0;
		};
		DED620601DAA326B00B2FFD2 /* Resources */ = {
			isa = PBXResourcesBuildPhase;
			buildActionMask = 2147483647;
			files = (
			);
			runOnlyForDeploymentPostprocessing = 0;
		};
		DED6206B1DAA326C00B2FFD2 /* Resources */ = {
			isa = PBXResourcesBuildPhase;
			buildActionMask = 2147483647;
			files = (
			);
			runOnlyForDeploymentPostprocessing = 0;
		};
/* End PBXResourcesBuildPhase section */

/* Begin PBXShellScriptBuildPhase section */
		00322D650AC2447A708F8D08 /* [CP] Check Pods Manifest.lock */ = {
			isa = PBXShellScriptBuildPhase;
			buildActionMask = 2147483647;
			files = (
			);
			inputPaths = (
			);
			name = "[CP] Check Pods Manifest.lock";
			outputPaths = (
			);
			runOnlyForDeploymentPostprocessing = 0;
			shellPath = /bin/sh;
			shellScript = "diff \"${PODS_ROOT}/../Podfile.lock\" \"${PODS_ROOT}/Manifest.lock\" > /dev/null\nif [[ $? != 0 ]] ; then\n    cat << EOM\nerror: The sandbox is not in sync with the Podfile.lock. Run 'pod install' or update your CocoaPods installation.\nEOM\n    exit 1\nfi\n";
			showEnvVarsInLog = 0;
		};
		8916AD86B5427F663EC4AEDA /* [CP] Embed Pods Frameworks */ = {
			isa = PBXShellScriptBuildPhase;
			buildActionMask = 2147483647;
			files = (
			);
			inputPaths = (
			);
			name = "[CP] Embed Pods Frameworks";
			outputPaths = (
			);
			runOnlyForDeploymentPostprocessing = 0;
			shellPath = /bin/sh;
			shellScript = "\"${SRCROOT}/../Pods/Target Support Files/Pods-jianwang/Pods-jianwang-frameworks.sh\"\n";
			showEnvVarsInLog = 0;
		};
		EA40CC96FCBD88D09CA59F11 /* [CP] Copy Pods Resources */ = {
			isa = PBXShellScriptBuildPhase;
			buildActionMask = 2147483647;
			files = (
			);
			inputPaths = (
			);
			name = "[CP] Copy Pods Resources";
			outputPaths = (
			);
			runOnlyForDeploymentPostprocessing = 0;
			shellPath = /bin/sh;
			shellScript = "\"${SRCROOT}/../Pods/Target Support Files/Pods-jianwang/Pods-jianwang-resources.sh\"\n";
			showEnvVarsInLog = 0;
		};
/* End PBXShellScriptBuildPhase section */

/* Begin PBXSourcesBuildPhase section */
		DED620421DAA326B00B2FFD2 /* Sources */ = {
			isa = PBXSourcesBuildPhase;
			buildActionMask = 2147483647;
			files = (
				7CD40DDF1DAB72140001680D /* NSString+Crypt.m in Sources */,
				7CD40DE01DAB72140001680D /* StorageMgr.m in Sources */,
				DED620571DAA326B00B2FFD2 /* jianwang.xcdatamodeld in Sources */,
				7CD40DDD1DAB72140001680D /* AppAPIClient.m in Sources */,
				7C832C051DAF7D990042942A /* HomeTableViewController.m in Sources */,
				7CD40DE11DAB72140001680D /* Utilities.m in Sources */,
				1F8B90F51DAE70E900F20429 /* Profile.m in Sources */,
				7C83482D1DAE1C9600C8CD57 /* singInViewController.m in Sources */,
				7CD40DD11DAB71A80001680D /* BasicEncodingRules.m in Sources */,
				7CD40DDE1DAB72140001680D /* NSData+Base64.m in Sources */,
				7C3200A21DACBC88004D65E5 /* singUpViewController.m in Sources */,
				7CD40DE61DAB76F00001680D /* RequestAPI.m in Sources */,
				7C3200AB1DACCF19004D65E5 /* ErrorHandler.m in Sources */,
				DED6204E1DAA326B00B2FFD2 /* AppDelegate.m in Sources */,
				DED6204B1DAA326B00B2FFD2 /* main.m in Sources */,
			);
			runOnlyForDeploymentPostprocessing = 0;
		};
		DED6205E1DAA326B00B2FFD2 /* Sources */ = {
			isa = PBXSourcesBuildPhase;
			buildActionMask = 2147483647;
			files = (
				DED620671DAA326B00B2FFD2 /* jianwangTests.m in Sources */,
			);
			runOnlyForDeploymentPostprocessing = 0;
		};
		DED620691DAA326C00B2FFD2 /* Sources */ = {
			isa = PBXSourcesBuildPhase;
			buildActionMask = 2147483647;
			files = (
				DED620721DAA326C00B2FFD2 /* jianwangUITests.m in Sources */,
			);
			runOnlyForDeploymentPostprocessing = 0;
		};
/* End PBXSourcesBuildPhase section */

/* Begin PBXTargetDependency section */
		DED620641DAA326B00B2FFD2 /* PBXTargetDependency */ = {
			isa = PBXTargetDependency;
			target = DED620451DAA326B00B2FFD2 /* jianwang */;
			targetProxy = DED620631DAA326B00B2FFD2 /* PBXContainerItemProxy */;
		};
		DED6206F1DAA326C00B2FFD2 /* PBXTargetDependency */ = {
			isa = PBXTargetDependency;
			target = DED620451DAA326B00B2FFD2 /* jianwang */;
			targetProxy = DED6206E1DAA326C00B2FFD2 /* PBXContainerItemProxy */;
		};
/* End PBXTargetDependency section */

/* Begin PBXVariantGroup section */
		7C3200A71DACC5E4004D65E5 /* Localizable.strings */ = {
			isa = PBXVariantGroup;
			children = (
				7C3200A61DACC5E4004D65E5 /* Base */,
			);
			name = Localizable.strings;
			path = ..;
			sourceTree = "<group>";
		};
		DED620521DAA326B00B2FFD2 /* Main.storyboard */ = {
			isa = PBXVariantGroup;
			children = (
				DED620531DAA326B00B2FFD2 /* Base */,
			);
			name = Main.storyboard;
			path = jianwang;
			sourceTree = "<group>";
		};
		DED6205A1DAA326B00B2FFD2 /* LaunchScreen.storyboard */ = {
			isa = PBXVariantGroup;
			children = (
				DED6205B1DAA326B00B2FFD2 /* Base */,
			);
			name = LaunchScreen.storyboard;
			path = jianwang;
			sourceTree = "<group>";
		};
/* End PBXVariantGroup section */

/* Begin XCBuildConfiguration section */
		DED620741DAA326C00B2FFD2 /* Debug */ = {
			isa = XCBuildConfiguration;
			buildSettings = {
				ALWAYS_SEARCH_USER_PATHS = NO;
				CLANG_CXX_LANGUAGE_STANDARD = "gnu++0x";
				CLANG_CXX_LIBRARY = "libc++";
				CLANG_ENABLE_MODULES = YES;
				CLANG_ENABLE_OBJC_ARC = YES;
				CLANG_WARN_BOOL_CONVERSION = YES;
				CLANG_WARN_CONSTANT_CONVERSION = YES;
				CLANG_WARN_DIRECT_OBJC_ISA_USAGE = YES_ERROR;
				CLANG_WARN_EMPTY_BODY = YES;
				CLANG_WARN_ENUM_CONVERSION = YES;
				CLANG_WARN_INT_CONVERSION = YES;
				CLANG_WARN_OBJC_ROOT_CLASS = YES_ERROR;
				CLANG_WARN_UNREACHABLE_CODE = YES;
				CLANG_WARN__DUPLICATE_METHOD_MATCH = YES;
				"CODE_SIGN_IDENTITY[sdk=iphoneos*]" = "iPhone Developer";
				COPY_PHASE_STRIP = NO;
				DEBUG_INFORMATION_FORMAT = dwarf;
				ENABLE_STRICT_OBJC_MSGSEND = YES;
				ENABLE_TESTABILITY = YES;
				GCC_C_LANGUAGE_STANDARD = gnu99;
				GCC_DYNAMIC_NO_PIC = NO;
				GCC_NO_COMMON_BLOCKS = YES;
				GCC_OPTIMIZATION_LEVEL = 0;
				GCC_PREPROCESSOR_DEFINITIONS = (
					"DEBUG=1",
					"$(inherited)",
				);
				GCC_WARN_64_TO_32_BIT_CONVERSION = YES;
				GCC_WARN_ABOUT_RETURN_TYPE = YES_ERROR;
				GCC_WARN_UNDECLARED_SELECTOR = YES;
				GCC_WARN_UNINITIALIZED_AUTOS = YES_AGGRESSIVE;
				GCC_WARN_UNUSED_FUNCTION = YES;
				GCC_WARN_UNUSED_VARIABLE = YES;
				IPHONEOS_DEPLOYMENT_TARGET = 9.0;
				MTL_ENABLE_DEBUG_INFO = YES;
				ONLY_ACTIVE_ARCH = YES;
				SDKROOT = iphoneos;
			};
			name = Debug;
		};
		DED620751DAA326C00B2FFD2 /* Release */ = {
			isa = XCBuildConfiguration;
			buildSettings = {
				ALWAYS_SEARCH_USER_PATHS = NO;
				CLANG_CXX_LANGUAGE_STANDARD = "gnu++0x";
				CLANG_CXX_LIBRARY = "libc++";
				CLANG_ENABLE_MODULES = YES;
				CLANG_ENABLE_OBJC_ARC = YES;
				CLANG_WARN_BOOL_CONVERSION = YES;
				CLANG_WARN_CONSTANT_CONVERSION = YES;
				CLANG_WARN_DIRECT_OBJC_ISA_USAGE = YES_ERROR;
				CLANG_WARN_EMPTY_BODY = YES;
				CLANG_WARN_ENUM_CONVERSION = YES;
				CLANG_WARN_INT_CONVERSION = YES;
				CLANG_WARN_OBJC_ROOT_CLASS = YES_ERROR;
				CLANG_WARN_UNREACHABLE_CODE = YES;
				CLANG_WARN__DUPLICATE_METHOD_MATCH = YES;
				"CODE_SIGN_IDENTITY[sdk=iphoneos*]" = "iPhone Developer";
				COPY_PHASE_STRIP = NO;
				DEBUG_INFORMATION_FORMAT = "dwarf-with-dsym";
				ENABLE_NS_ASSERTIONS = NO;
				ENABLE_STRICT_OBJC_MSGSEND = YES;
				GCC_C_LANGUAGE_STANDARD = gnu99;
				GCC_NO_COMMON_BLOCKS = YES;
				GCC_WARN_64_TO_32_BIT_CONVERSION = YES;
				GCC_WARN_ABOUT_RETURN_TYPE = YES_ERROR;
				GCC_WARN_UNDECLARED_SELECTOR = YES;
				GCC_WARN_UNINITIALIZED_AUTOS = YES_AGGRESSIVE;
				GCC_WARN_UNUSED_FUNCTION = YES;
				GCC_WARN_UNUSED_VARIABLE = YES;
				IPHONEOS_DEPLOYMENT_TARGET = 9.0;
				MTL_ENABLE_DEBUG_INFO = NO;
				SDKROOT = iphoneos;
				VALIDATE_PRODUCT = YES;
			};
			name = Release;
		};
		DED620771DAA326C00B2FFD2 /* Debug */ = {
			isa = XCBuildConfiguration;
			baseConfigurationReference = 2DD7368C13562D275DFAF7AF /* Pods-jianwang.debug.xcconfig */;
			buildSettings = {
				ASSETCATALOG_COMPILER_APPICON_NAME = AppIcon;
				FRAMEWORK_SEARCH_PATHS = (
					"$(inherited)",
					"$(PROJECT_DIR)",
				);
				GCC_PRECOMPILE_PREFIX_HEADER = YES;
				GCC_PREFIX_HEADER = jianwang/PrefixHeader.pch;
				INFOPLIST_FILE = jianwang/Info.plist;
				IPHONEOS_DEPLOYMENT_TARGET = 9.0;
				LD_RUNPATH_SEARCH_PATHS = "$(inherited) @executable_path/Frameworks";
				PRODUCT_BUNDLE_IDENTIFIER = cn.itcast.jianwang;
				PRODUCT_NAME = "$(TARGET_NAME)";
			};
			name = Debug;
		};
		DED620781DAA326C00B2FFD2 /* Release */ = {
			isa = XCBuildConfiguration;
			baseConfigurationReference = 86719F7B1C561DC7C9229BEF /* Pods-jianwang.release.xcconfig */;
			buildSettings = {
				ASSETCATALOG_COMPILER_APPICON_NAME = AppIcon;
				FRAMEWORK_SEARCH_PATHS = (
					"$(inherited)",
					"$(PROJECT_DIR)",
				);
				GCC_PRECOMPILE_PREFIX_HEADER = YES;
				GCC_PREFIX_HEADER = jianwang/PrefixHeader.pch;
				INFOPLIST_FILE = jianwang/Info.plist;
				IPHONEOS_DEPLOYMENT_TARGET = 9.0;
				LD_RUNPATH_SEARCH_PATHS = "$(inherited) @executable_path/Frameworks";
				PRODUCT_BUNDLE_IDENTIFIER = cn.itcast.jianwang;
				PRODUCT_NAME = "$(TARGET_NAME)";
			};
			name = Release;
		};
		DED6207A1DAA326C00B2FFD2 /* Debug */ = {
			isa = XCBuildConfiguration;
			buildSettings = {
				BUNDLE_LOADER = "$(TEST_HOST)";
				INFOPLIST_FILE = jianwangTests/Info.plist;
				LD_RUNPATH_SEARCH_PATHS = "$(inherited) @executable_path/Frameworks @loader_path/Frameworks";
				PRODUCT_BUNDLE_IDENTIFIER = cn.itcast.jianwangTests;
				PRODUCT_NAME = "$(TARGET_NAME)";
				TEST_HOST = "$(BUILT_PRODUCTS_DIR)/jianwang.app/jianwang";
			};
			name = Debug;
		};
		DED6207B1DAA326C00B2FFD2 /* Release */ = {
			isa = XCBuildConfiguration;
			buildSettings = {
				BUNDLE_LOADER = "$(TEST_HOST)";
				INFOPLIST_FILE = jianwangTests/Info.plist;
				LD_RUNPATH_SEARCH_PATHS = "$(inherited) @executable_path/Frameworks @loader_path/Frameworks";
				PRODUCT_BUNDLE_IDENTIFIER = cn.itcast.jianwangTests;
				PRODUCT_NAME = "$(TARGET_NAME)";
				TEST_HOST = "$(BUILT_PRODUCTS_DIR)/jianwang.app/jianwang";
			};
			name = Release;
		};
		DED6207D1DAA326C00B2FFD2 /* Debug */ = {
			isa = XCBuildConfiguration;
			buildSettings = {
				INFOPLIST_FILE = jianwangUITests/Info.plist;
				LD_RUNPATH_SEARCH_PATHS = "$(inherited) @executable_path/Frameworks @loader_path/Frameworks";
				PRODUCT_BUNDLE_IDENTIFIER = cn.itcast.jianwangUITests;
				PRODUCT_NAME = "$(TARGET_NAME)";
				TEST_TARGET_NAME = jianwang;
				USES_XCTRUNNER = YES;
			};
			name = Debug;
		};
		DED6207E1DAA326C00B2FFD2 /* Release */ = {
			isa = XCBuildConfiguration;
			buildSettings = {
				INFOPLIST_FILE = jianwangUITests/Info.plist;
				LD_RUNPATH_SEARCH_PATHS = "$(inherited) @executable_path/Frameworks @loader_path/Frameworks";
				PRODUCT_BUNDLE_IDENTIFIER = cn.itcast.jianwangUITests;
				PRODUCT_NAME = "$(TARGET_NAME)";
				TEST_TARGET_NAME = jianwang;
				USES_XCTRUNNER = YES;
			};
			name = Release;
		};
/* End XCBuildConfiguration section */

/* Begin XCConfigurationList section */
		DED620411DAA326B00B2FFD2 /* Build configuration list for PBXProject "jianwang" */ = {
			isa = XCConfigurationList;
			buildConfigurations = (
				DED620741DAA326C00B2FFD2 /* Debug */,
				DED620751DAA326C00B2FFD2 /* Release */,
			);
			defaultConfigurationIsVisible = 0;
			defaultConfigurationName = Release;
		};
		DED620761DAA326C00B2FFD2 /* Build configuration list for PBXNativeTarget "jianwang" */ = {
			isa = XCConfigurationList;
			buildConfigurations = (
				DED620771DAA326C00B2FFD2 /* Debug */,
				DED620781DAA326C00B2FFD2 /* Release */,
			);
			defaultConfigurationIsVisible = 0;
			defaultConfigurationName = Release;
		};
		DED620791DAA326C00B2FFD2 /* Build configuration list for PBXNativeTarget "jianwangTests" */ = {
			isa = XCConfigurationList;
			buildConfigurations = (
				DED6207A1DAA326C00B2FFD2 /* Debug */,
				DED6207B1DAA326C00B2FFD2 /* Release */,
			);
			defaultConfigurationIsVisible = 0;
			defaultConfigurationName = Release;
		};
		DED6207C1DAA326C00B2FFD2 /* Build configuration list for PBXNativeTarget "jianwangUITests" */ = {
			isa = XCConfigurationList;
			buildConfigurations = (
				DED6207D1DAA326C00B2FFD2 /* Debug */,
				DED6207E1DAA326C00B2FFD2 /* Release */,
			);
			defaultConfigurationIsVisible = 0;
			defaultConfigurationName = Release;
		};
/* End XCConfigurationList section */

/* Begin XCVersionGroup section */
		DED620551DAA326B00B2FFD2 /* jianwang.xcdatamodeld */ = {
			isa = XCVersionGroup;
			children = (
				DED620561DAA326B00B2FFD2 /* jianwang.xcdatamodel */,
			);
			currentVersion = DED620561DAA326B00B2FFD2 /* jianwang.xcdatamodel */;
			name = jianwang.xcdatamodeld;
			path = jianwang/jianwang.xcdatamodeld;
			sourceTree = "<group>";
			versionGroupType = wrapper.xcdatamodel;
		};
/* End XCVersionGroup section */
	};
	rootObject = DED6203E1DAA326B00B2FFD2 /* Project object */;
}
